lockfileVersion: '9.0'

settings:
  autoInstallPeers: true
  excludeLinksFromLockfile: false

importers:

  .:
    devDependencies:
      '@types/node':
        specifier: ^25.3.0
        version: 25.3.0
      turbo:
        specifier: ^2.8.11
        version: 2.8.11
      typescript:
        specifier: ^5.9.3
        version: 5.9.3

packages:

  '@types/node@25.3.0':
    resolution: {integrity: sha512-4K3bqJpXpqfg2XKGK9bpDTc6xO/xoUP/RBWS7AtRMug6zZFaRekiLzjVtAoZMquxoAbzBvy5nxQ7veS5eYzf8A==}

  turbo-darwin-64@2.8.11:
    resolution: {integrity: sha512-XKaCWaz4OCt77oYYvGCIRpvYD4c/aNaKjRkUpv+e8rN3RZb+5Xsyew4yRO+gaHdMIUhQznXNXfHlhs+/p7lIhA==}
    cpu: [x64]
    os: [darwin]

  turbo-darwin-arm64@2.8.11:
    resolution: {integrity: sha512-VvynLHGUNvQ9k7GZjRPSsRcK4VkioTfFb7O7liAk4nHKjEcMdls7GqxzjVWgJiKz3hWmQGaP9hRa9UUnhVWCxA==}
    cpu: [arm64]
    os: [darwin]

  turbo-linux-64@2.8.11:
    resolution: {integrity: sha512-cbSn37dcm+EmkQ7DD0euy7xV7o2el4GAOr1XujvkAyKjjNvQ+6QIUeDgQcwAx3D17zPpDvfDMJY2dLQadWnkmQ==}
    cpu: [x64]
    os: [linux]

  turbo-linux-arm64@2.8.11:
    resolution: {integrity: sha512-+trymp2s2aBrhS04l6qFxcExzZ8ffndevuUB9c5RCeqsVpZeiWuGQlWNm5XjOmzoMayxRARZ5ma7yiWbGMiLqQ==}
    cpu: [arm64]
    os: [linux]

  turbo-windows-64@2.8.11:
    resolution: {integrity: sha512-3kJjFSM4yw1n9Uzmi+XkAUgCae19l/bH6RJ442xo7mnZm0tpOjo33F+FYHoSVpIWVMd0HG0LDccyafPSdylQbA==}
    cpu: [x64]
    os: [win32]

  turbo-windows-arm64@2.8.11:
    resolution: {integrity: sha512-JOM4uF2vuLsJUvibdR6X9QqdZr6BhC6Nhlrw4LKFPsXZZI/9HHLoqAiYRpE4MuzIwldCH/jVySnWXrI1SKto0g==}
    cpu: [arm64]
    os: [win32]

  turbo@2.8.11:
    resolution: {integrity: sha512-H+rwSHHPLoyPOSoHdmI1zY0zy0GGj1Dmr7SeJW+nZiWLz2nex8EJ+fkdVabxXFMNEux+aywI4Sae8EqhmnOv4A==}
    hasBin: true

  typescript@5.9.3:
    resolution: {integrity: sha512-jl1vZzPDinLr9eUt3J/t7V6FgNEw9QjvBPdysz9KfQDD41fQrC2Y4vKQdiaUpFT4bXlb1RHhLpp8wtm6M5TgSw==}
    engines: {node: '>=14.17'}
    hasBin: true

  undici-types@7.18.2:
    resolution: {integrity: sha512-AsuCzffGHJybSaRrmr5eHr81mwJU3kjw6M+uprWvCXiNeN9SOGwQ3Jn8jb8m3Z6izVgknn1R0FTCEAP2QrLY/w==}

snapshots:

  '@types/node@25.3.0':
    dependencies:
      undici-types: 7.18.2

  turbo-darwin-64@2.8.11:
    optional: true

  turbo-darwin-arm64@2.8.11:
    optional: true

  turbo-linux-64@2.8.11:
    optional: true

  turbo-linux-arm64@2.8.11:
    optional: true

  turbo-windows-64@2.8.11:
    optional: true

  turbo-windows-arm64@2.8.11:
    optional: true

  turbo@2.8.11:
    optionalDependencies:
      turbo-darwin-64: 2.8.11
      turbo-darwin-arm64: 2.8.11
      turbo-linux-64: 2.8.11
      turbo-linux-arm64: 2.8.11
      turbo-windows-64: 2.8.11
      turbo-windows-arm64: 2.8.11

  typescript@5.9.3: {}

  undici-types@7.18.2: {}
